// !$*UTF8*$!
{
	archiveVersion = 1;
	classes = {
	};
	objectVersion = 77;
	objects = {

/* Begin PBXBuildFile section */
		FE3537C72E8302B1007B0F25 /* daisydos_plan.md in Resources */ = {isa = PBXBuildFile; fileRef = FE3537C32E8302B1007B0F25 /* daisydos_plan.md */; };
		FE3537C82E8302B1007B0F25 /* daisydos_prd.md in Resources */ = {isa = PBXBuildFile; fileRef = FE3537C42E8302B1007B0F25 /* daisydos_prd.md */; };
		FE3537C92E8302B1007B0F25 /* implementation_roadmap.md in Resources */ = {isa = PBXBuildFile; fileRef = FE3537C52E8302B1007B0F25 /* implementation_roadmap.md */; };
		FE3537ED2E830555007B0F25 /* CLAUDE.md in Resources */ = {isa = PBXBuildFile; fileRef = FE3537EC2E830555007B0F25 /* CLAUDE.md */; };
/* End PBXBuildFile section */

/* Begin PBXContainerItemProxy section */
		FE3537A62E830152007B0F25 /* PBXContainerItemProxy */ = {
			isa = PBXContainerItemProxy;
			containerPortal = FE35378C2E830151007B0F25 /* Project object */;
			proxyType = 1;
			remoteGlobalIDString = FE3537932E830151007B0F25;
			remoteInfo = DaisyDos;
		};
		FE3537B02E830152007B0F25 /* PBXContainerItemProxy */ = {
			isa = PBXContainerItemProxy;
			containerPortal = FE35378C2E830151007B0F25 /* Project object */;
			proxyType = 1;
			remoteGlobalIDString = FE3537932E830151007B0F25;
			remoteInfo = DaisyDos;
		};
/* End PBXContainerItemProxy section */

/* Begin PBXFileReference section */
		FE3537942E830151007B0F25 /* DaisyDos.app */ = {isa = PBXFileReference; explicitFileType = wrapper.application; includeInIndex = 0; path = DaisyDos.app; sourceTree = BUILT_PRODUCTS_DIR; };
		FE3537A52E830152007B0F25 /* DaisyDosTests.xctest */ = {isa = PBXFileReference; explicitFileType = wrapper.cfbundle; includeInIndex = 0; path = DaisyDosTests.xctest; sourceTree = BUILT_PRODUCTS_DIR; };
		FE3537AF2E830152007B0F25 /* DaisyDosUITests.xctest */ = {isa = PBXFileReference; explicitFileType = wrapper.cfbundle; includeInIndex = 0; path = DaisyDosUITests.xctest; sourceTree = BUILT_PRODUCTS_DIR; };
		FE3537C32E8302B1007B0F25 /* daisydos_plan.md */ = {isa = PBXFileReference; lastKnownFileType = net.daringfireball.markdown; path = daisydos_plan.md; sourceTree = "<group>"; };
		FE3537C42E8302B1007B0F25 /* daisydos_prd.md */ = {isa = PBXFileReference; lastKnownFileType = net.daringfireball.markdown; path = daisydos_prd.md; sourceTree = "<group>"; };
		FE3537C52E8302B1007B0F25 /* implementation_roadmap.md */ = {isa = PBXFileReference; lastKnownFileType = net.daringfireball.markdown; path = implementation_roadmap.md; sourceTree = "<group>"; };
		FE3537EC2E830555007B0F25 /* CLAUDE.md */ = {isa = PBXFileReference; lastKnownFileType = net.daringfireball.markdown; path = CLAUDE.md; sourceTree = "<group>"; };
/* End PBXFileReference section */

/* Begin PBXFileSystemSynchronizedBuildFileExceptionSet section */
		FE3537B72E830152007B0F25 /* Exceptions for "DaisyDos" folder in "DaisyDos" target */ = {
			isa = PBXFileSystemSynchronizedBuildFileExceptionSet;
			membershipExceptions = (
				Info.plist,
			);
			target = FE3537932E830151007B0F25 /* DaisyDos */;
		};
/* End PBXFileSystemSynchronizedBuildFileExceptionSet section */

/* Begin PBXFileSystemSynchronizedRootGroup section */
		FE3537962E830151007B0F25 /* DaisyDos */ = {
			isa = PBXFileSystemSynchronizedRootGroup;
			exceptions = (
				FE3537B72E830152007B0F25 /* Exceptions for "DaisyDos" folder in "DaisyDos" target */,
			);
			path = DaisyDos;
			sourceTree = "<group>";
		};
		FE3537A82E830152007B0F25 /* DaisyDosTests */ = {
			isa = PBXFileSystemSynchronizedRootGroup;
			path = DaisyDosTests;
			sourceTree = "<group>";
		};
		FE3537B22E830152007B0F25 /* DaisyDosUITests */ = {
			isa = PBXFileSystemSynchronizedRootGroup;
			path = DaisyDosUITests;
			sourceTree = "<group>";
		};
		FE3537EE2E83498B007B0F25 /* .claude */ = {
			isa = PBXFileSystemSynchronizedRootGroup;
			path = .claude;
			sourceTree = "<group>";
		};
/* End PBXFileSystemSynchronizedRootGroup section */

/* Begin PBXFrameworksBuildPhase section */
		FE3537912E830151007B0F25 /* Frameworks */ = {
			isa = PBXFrameworksBuildPhase;
			buildActionMask = 2147483647;
			files = (
			);
			runOnlyForDeploymentPostprocessing = 0;
		};
		FE3537A22E830152007B0F25 /* Frameworks */ = {
			isa = PBXFrameworksBuildPhase;
			buildActionMask = 2147483647;
			files = (
			);
			runOnlyForDeploymentPostprocessing = 0;
		};
		FE3537AC2E830152007B0F25 /* Frameworks */ = {
			isa = PBXFrameworksBuildPhase;
			buildActionMask = 2147483647;
			files = (
			);
			runOnlyForDeploymentPostprocessing = 0;
		};
/* End PBXFrameworksBuildPhase section */

/* Begin PBXGroup section */
		FE35378B2E830151007B0F25 = {
			isa = PBXGroup;
			children = (
				FE3537EE2E83498B007B0F25 /* .claude */,
				FE3537EC2E830555007B0F25 /* CLAUDE.md */,
				FE3537962E830151007B0F25 /* DaisyDos */,
				FE3537A82E830152007B0F25 /* DaisyDosTests */,
				FE3537B22E830152007B0F25 /* DaisyDosUITests */,
				FE3537952E830151007B0F25 /* Products */,
				FE3537C62E8302B1007B0F25 /* Docs */,
			);
			sourceTree = "<group>";
		};
		FE3537952E830151007B0F25 /* Products */ = {
			isa = PBXGroup;
			children = (
				FE3537942E830151007B0F25 /* DaisyDos.app */,
				FE3537A52E830152007B0F25 /* DaisyDosTests.xctest */,
				FE3537AF2E830152007B0F25 /* DaisyDosUITests.xctest */,
			);
			name = Products;
			sourceTree = "<group>";
		};
		FE3537C62E8302B1007B0F25 /* Docs */ = {
			isa = PBXGroup;
			children = (
				FE3537C32E8302B1007B0F25 /* daisydos_plan.md */,
				FE3537C42E8302B1007B0F25 /* daisydos_prd.md */,
				FE3537C52E8302B1007B0F25 /* implementation_roadmap.md */,
			);
			path = Docs;
			sourceTree = "<group>";
		};
/* End PBXGroup section */

/* Begin PBXNativeTarget section */
		FE3537932E830151007B0F25 /* DaisyDos */ = {
			isa = PBXNativeTarget;
			buildConfigurationList = FE3537B82E830152007B0F25 /* Build configuration list for PBXNativeTarget "DaisyDos" */;
			buildPhases = (
				FE3537902E830151007B0F25 /* Sources */,
				FE3537912E830151007B0F25 /* Frameworks */,
				FE3537922E830151007B0F25 /* Resources */,
			);
			buildRules = (
			);
			dependencies = (
			);
			fileSystemSynchronizedGroups = (
				FE3537962E830151007B0F25 /* DaisyDos */,
				FE3537EE2E83498B007B0F25 /* .claude */,
			);
			name = DaisyDos;
			packageProductDependencies = (
			);
			productName = DaisyDos;
			productReference = FE3537942E830151007B0F25 /* DaisyDos.app */;
			productType = "com.apple.product-type.application";
		};
		FE3537A42E830152007B0F25 /* DaisyDosTests */ = {
			isa = PBXNativeTarget;
			buildConfigurationList = FE3537BD2E830152007B0F25 /* Build configuration list for PBXNativeTarget "DaisyDosTests" */;
			buildPhases = (
				FE3537A12E830152007B0F25 /* Sources */,
				FE3537A22E830152007B0F25 /* Frameworks */,
				FE3537A32E830152007B0F25 /* Resources */,
			);
			buildRules = (
			);
			dependencies = (
				FE3537A72E830152007B0F25 /* PBXTargetDependency */,
			);
			fileSystemSynchronizedGroups = (
				FE3537A82E830152007B0F25 /* DaisyDosTests */,
			);
			name = DaisyDosTests;
			packageProductDependencies = (
			);
			productName = DaisyDosTests;
			productReference = FE3537A52E830152007B0F25 /* DaisyDosTests.xctest */;
			productType = "com.apple.product-type.bundle.unit-test";
		};
		FE3537AE2E830152007B0F25 /* DaisyDosUITests */ = {
			isa = PBXNativeTarget;
			buildConfigurationList = FE3537C02E830152007B0F25 /* Build configuration list for PBXNativeTarget "DaisyDosUITests" */;
			buildPhases = (
				FE3537AB2E830152007B0F25 /* Sources */,
				FE3537AC2E830152007B0F25 /* Frameworks */,
				FE3537AD2E830152007B0F25 /* Resources */,
			);
			buildRules = (
			);
			dependencies = (
				FE3537B12E830152007B0F25 /* PBXTargetDependency */,
			);
			fileSystemSynchronizedGroups = (
				FE3537B22E830152007B0F25 /* DaisyDosUITests */,
			);
			name = DaisyDosUITests;
			packageProductDependencies = (
			);
			productName = DaisyDosUITests;
			productReference = FE3537AF2E830152007B0F25 /* DaisyDosUITests.xctest */;
			productType = "com.apple.product-type.bundle.ui-testing";
		};
/* End PBXNativeTarget section */

/* Begin PBXProject section */
		FE35378C2E830151007B0F25 /* Project object */ = {
			isa = PBXProject;
			attributes = {
				BuildIndependentTargetsInParallel = 1;
				LastSwiftUpdateCheck = 1640;
				LastUpgradeCheck = 1640;
				TargetAttributes = {
					FE3537932E830151007B0F25 = {
						CreatedOnToolsVersion = 16.4;
					};
					FE3537A42E830152007B0F25 = {
						CreatedOnToolsVersion = 16.4;
						TestTargetID = FE3537932E830151007B0F25;
					};
					FE3537AE2E830152007B0F25 = {
						CreatedOnToolsVersion = 16.4;
						TestTargetID = FE3537932E830151007B0F25;
					};
				};
			};
			buildConfigurationList = FE35378F2E830151007B0F25 /* Build configuration list for PBXProject "DaisyDos" */;
			developmentRegion = en;
			hasScannedForEncodings = 0;
			knownRegions = (
				en,
				Base,
			);
			mainGroup = FE35378B2E830151007B0F25;
			minimizedProjectReferenceProxies = 1;
			preferredProjectObjectVersion = 77;
			productRefGroup = FE3537952E830151007B0F25 /* Products */;
			projectDirPath = "";
			projectRoot = "";
			targets = (
				FE3537932E830151007B0F25 /* DaisyDos */,
				FE3537A42E830152007B0F25 /* DaisyDosTests */,
				FE3537AE2E830152007B0F25 /* DaisyDosUITests */,
			);
		};
/* End PBXProject section */

/* Begin PBXResourcesBuildPhase section */
		FE3537922E830151007B0F25 /* Resources */ = {
			isa = PBXResourcesBuildPhase;
			buildActionMask = 2147483647;
			files = (
				FE3537C72E8302B1007B0F25 /* daisydos_plan.md in Resources */,
				FE3537C82E8302B1007B0F25 /* daisydos_prd.md in Resources */,
				FE3537ED2E830555007B0F25 /* CLAUDE.md in Resources */,
				FE3537C92E8302B1007B0F25 /* implementation_roadmap.md in Resources */,
			);
			runOnlyForDeploymentPostprocessing = 0;
		};
		FE3537A32E830152007B0F25 /* Resources */ = {
			isa = PBXResourcesBuildPhase;
			buildActionMask = 2147483647;
			files = (
			);
			runOnlyForDeploymentPostprocessing = 0;
		};
		FE3537AD2E830152007B0F25 /* Resources */ = {
			isa = PBXResourcesBuildPhase;
			buildActionMask = 2147483647;
			files = (
			);
			runOnlyForDeploymentPostprocessing = 0;
		};
/* End PBXResourcesBuildPhase section */

/* Begin PBXSourcesBuildPhase section */
		FE3537902E830151007B0F25 /* Sources */ = {
			isa = PBXSourcesBuildPhase;
			buildActionMask = 2147483647;
			files = (
			);
			runOnlyForDeploymentPostprocessing = 0;
		};
		FE3537A12E830152007B0F25 /* Sources */ = {
			isa = PBXSourcesBuildPhase;
			buildActionMask = 2147483647;
			files = (
			);
			runOnlyForDeploymentPostprocessing = 0;
		};
		FE3537AB2E830152007B0F25 /* Sources */ = {
			isa = PBXSourcesBuildPhase;
			buildActionMask = 2147483647;
			files = (
			);
			runOnlyForDeploymentPostprocessing = 0;
		};
/* End PBXSourcesBuildPhase section */

/* Begin PBXTargetDependency section */
		FE3537A72E830152007B0F25 /* PBXTargetDependency */ = {
			isa = PBXTargetDependency;
			target = FE3537932E830151007B0F25 /* DaisyDos */;
			targetProxy = FE3537A62E830152007B0F25 /* PBXContainerItemProxy */;
		};
		FE3537B12E830152007B0F25 /* PBXTargetDependency */ = {
			isa = PBXTargetDependency;
			target = FE3537932E830151007B0F25 /* DaisyDos */;
			targetProxy = FE3537B02E830152007B0F25 /* PBXContainerItemProxy */;
		};
/* End PBXTargetDependency section */

/* Begin XCBuildConfiguration section */
		FE3537B92E830152007B0F25 /* Debug */ = {
			isa = XCBuildConfiguration;
			buildSettings = {
				ASSETCATALOG_COMPILER_APPICON_NAME = AppIcon;
				ASSETCATALOG_COMPILER_GLOBAL_ACCENT_COLOR_NAME = AccentColor;
				CODE_SIGN_ENTITLEMENTS = DaisyDos/DaisyDos.entitlements;
				CODE_SIGN_STYLE = Automatic;
				CURRENT_PROJECT_VERSION = 1;
				DEVELOPMENT_TEAM = BKD7HH7ZDH;
				ENABLE_PREVIEWS = YES;
				GENERATE_INFOPLIST_FILE = YES;
				INFOPLIST_FILE = DaisyDos/Info.plist;
				INFOPLIST_KEY_UIApplicationSceneManifest_Generation = YES;
				INFOPLIST_KEY_UIApplicationSupportsIndirectInputEvents = YES;
				INFOPLIST_KEY_UILaunchScreen_Generation = YES;
				INFOPLIST_KEY_UISupportedInterfaceOrientations_iPad = "UIInterfaceOrientationPortrait UIInterfaceOrientationPortraitUpsideDown UIInterfaceOrientationLandscapeLeft UIInterfaceOrientationLandscapeRight";
				INFOPLIST_KEY_UISupportedInterfaceOrientations_iPhone = "UIInterfaceOrientationPortrait UIInterfaceOrientationLandscapeLeft UIInterfaceOrientationLandscapeRight";
				IPHONEOS_DEPLOYMENT_TARGET = 17.0;
				LD_RUNPATH_SEARCH_PATHS = (
					"$(inherited)",
					"@executable_path/Frameworks",
				);
				MARKETING_VERSION = 1.0;
				PRODUCT_BUNDLE_IDENTIFIER = dante.DaisyDos;
				PRODUCT_NAME = "$(TARGET_NAME)";
				SWIFT_EMIT_LOC_STRINGS = YES;
				SWIFT_VERSION = 5.0;
				TARGETED_DEVICE_FAMILY = "1,2";
			};
			name = Debug;
		};
		FE3537BA2E830152007B0F25 /* Release */ = {
			isa = XCBuildConfiguration;
			buildSettings = {
				ASSETCATALOG_COMPILER_APPICON_NAME = AppIcon;
				ASSETCATALOG_COMPILER_GLOBAL_ACCENT_COLOR_NAME = AccentColor;
				CODE_SIGN_ENTITLEMENTS = DaisyDos/DaisyDos.entitlements;
				CODE_SIGN_STYLE = Automatic;
				CURRENT_PROJECT_VERSION = 1;
				DEVELOPMENT_TEAM = BKD7HH7ZDH;
				ENABLE_PREVIEWS = YES;
				GENERATE_INFOPLIST_FILE = YES;
				INFOPLIST_FILE = DaisyDos/Info.plist;
				INFOPLIST_KEY_UIApplicationSceneManifest_Generation = YES;
				INFOPLIST_KEY_UIApplicationSupportsIndirectInputEvents = YES;
				INFOPLIST_KEY_UILaunchScreen_Generation = YES;
				INFOPLIST_KEY_UISupportedInterfaceOrientations_iPad = "UIInterfaceOrientationPortrait UIInterfaceOrientationPortraitUpsideDown UIInterfaceOrientationLandscapeLeft UIInterfaceOrientationLandscapeRight";
				INFOPLIST_KEY_UISupportedInterfaceOrientations_iPhone = "UIInterfaceOrientationPortrait UIInterfaceOrientationLandscapeLeft UIInterfaceOrientationLandscapeRight";
				IPHONEOS_DEPLOYMENT_TARGET = 17.0;
				LD_RUNPATH_SEARCH_PATHS = (
					"$(inherited)",
					"@executable_path/Frameworks",
				);
				MARKETING_VERSION = 1.0;
				PRODUCT_BUNDLE_IDENTIFIER = dante.DaisyDos;
				PRODUCT_NAME = "$(TARGET_NAME)";
				SWIFT_EMIT_LOC_STRINGS = YES;
				SWIFT_VERSION = 5.0;
				TARGETED_DEVICE_FAMILY = "1,2";
			};
			name = Release;
		};
		FE3537BB2E830152007B0F25 /* Debug */ = {
			isa = XCBuildConfiguration;
			buildSettings = {
				ALWAYS_SEARCH_USER_PATHS = NO;
				ASSETCATALOG_COMPILER_GENERATE_SWIFT_ASSET_SYMBOL_EXTENSIONS = YES;
				CLANG_ANALYZER_NONNULL = YES;
				CLANG_ANALYZER_NUMBER_OBJECT_CONVERSION = YES_AGGRESSIVE;
				CLANG_CXX_LANGUAGE_STANDARD = "gnu++20";
				CLANG_ENABLE_MODULES = YES;
				CLANG_ENABLE_OBJC_ARC = YES;
				CLANG_ENABLE_OBJC_WEAK = YES;
				CLANG_WARN_BLOCK_CAPTURE_AUTORELEASING = YES;
				CLANG_WARN_BOOL_CONVERSION = YES;
				CLANG_WARN_COMMA = YES;
				CLANG_WARN_CONSTANT_CONVERSION = YES;
				CLANG_WARN_DEPRECATED_OBJC_IMPLEMENTATIONS = YES;
				CLANG_WARN_DIRECT_OBJC_ISA_USAGE = YES_ERROR;
				CLANG_WARN_DOCUMENTATION_COMMENTS = YES;
				CLANG_WARN_EMPTY_BODY = YES;
				CLANG_WARN_ENUM_CONVERSION = YES;
				CLANG_WARN_INFINITE_RECURSION = YES;
				CLANG_WARN_INT_CONVERSION = YES;
				CLANG_WARN_NON_LITERAL_NULL_CONVERSION = YES;
				CLANG_WARN_OBJC_IMPLICIT_RETAIN_SELF = YES;
				CLANG_WARN_OBJC_LITERAL_CONVERSION = YES;
				CLANG_WARN_OBJC_ROOT_CLASS = YES_ERROR;
				CLANG_WARN_QUOTED_INCLUDE_IN_FRAMEWORK_HEADER = YES;
				CLANG_WARN_RANGE_LOOP_ANALYSIS = YES;
				CLANG_WARN_STRICT_PROTOTYPES = YES;
				CLANG_WARN_SUSPICIOUS_MOVE = YES;
				CLANG_WARN_UNGUARDED_AVAILABILITY = YES_AGGRESSIVE;
				CLANG_WARN_UNREACHABLE_CODE = YES;
				CLANG_WARN__DUPLICATE_METHOD_MATCH = YES;
				COPY_PHASE_STRIP = NO;
				DEBUG_INFORMATION_FORMAT = dwarf;
				DEVELOPMENT_TEAM = BKD7HH7ZDH;
				ENABLE_STRICT_OBJC_MSGSEND = YES;
				ENABLE_TESTABILITY = YES;
				ENABLE_USER_SCRIPT_SANDBOXING = YES;
				GCC_C_LANGUAGE_STANDARD = gnu17;
				GCC_DYNAMIC_NO_PIC = NO;
				GCC_NO_COMMON_BLOCKS = YES;
				GCC_OPTIMIZATION_LEVEL = 0;
				GCC_PREPROCESSOR_DEFINITIONS = (
					"DEBUG=1",
					"$(inherited)",
				);
				GCC_WARN_64_TO_32_BIT_CONVERSION = YES;
				GCC_WARN_ABOUT_RETURN_TYPE = YES_ERROR;
				GCC_WARN_UNDECLARED_SELECTOR = YES;
				GCC_WARN_UNINITIALIZED_AUTOS = YES_AGGRESSIVE;
				GCC_WARN_UNUSED_FUNCTION = YES;
				GCC_WARN_UNUSED_VARIABLE = YES;
				IPHONEOS_DEPLOYMENT_TARGET = 17.0;
				LOCALIZATION_PREFERS_STRING_CATALOGS = YES;
				MTL_ENABLE_DEBUG_INFO = INCLUDE_SOURCE;
				MTL_FAST_MATH = YES;
				ONLY_ACTIVE_ARCH = YES;
				SDKROOT = iphoneos;
				SWIFT_ACTIVE_COMPILATION_CONDITIONS = "DEBUG $(inherited)";
				SWIFT_OPTIMIZATION_LEVEL = "-Onone";
			};
			name = Debug;
		};
		FE3537BC2E830152007B0F25 /* Release */ = {
			isa = XCBuildConfiguration;
			buildSettings = {
				ALWAYS_SEARCH_USER_PATHS = NO;
				ASSETCATALOG_COMPILER_GENERATE_SWIFT_ASSET_SYMBOL_EXTENSIONS = YES;
				CLANG_ANALYZER_NONNULL = YES;
				CLANG_ANALYZER_NUMBER_OBJECT_CONVERSION = YES_AGGRESSIVE;
				CLANG_CXX_LANGUAGE_STANDARD = "gnu++20";
				CLANG_ENABLE_MODULES = YES;
				CLANG_ENABLE_OBJC_ARC = YES;
				CLANG_ENABLE_OBJC_WEAK = YES;
				CLANG_WARN_BLOCK_CAPTURE_AUTORELEASING = YES;
				CLANG_WARN_BOOL_CONVERSION = YES;
				CLANG_WARN_COMMA = YES;
				CLANG_WARN_CONSTANT_CONVERSION = YES;
				CLANG_WARN_DEPRECATED_OBJC_IMPLEMENTATIONS = YES;
				CLANG_WARN_DIRECT_OBJC_ISA_USAGE = YES_ERROR;
				CLANG_WARN_DOCUMENTATION_COMMENTS = YES;
				CLANG_WARN_EMPTY_BODY = YES;
				CLANG_WARN_ENUM_CONVERSION = YES;
				CLANG_WARN_INFINITE_RECURSION = YES;
				CLANG_WARN_INT_CONVERSION = YES;
				CLANG_WARN_NON_LITERAL_NULL_CONVERSION = YES;
				CLANG_WARN_OBJC_IMPLICIT_RETAIN_SELF = YES;
				CLANG_WARN_OBJC_LITERAL_CONVERSION = YES;
				CLANG_WARN_OBJC_ROOT_CLASS = YES_ERROR;
				CLANG_WARN_QUOTED_INCLUDE_IN_FRAMEWORK_HEADER = YES;
				CLANG_WARN_RANGE_LOOP_ANALYSIS = YES;
				CLANG_WARN_STRICT_PROTOTYPES = YES;
				CLANG_WARN_SUSPICIOUS_MOVE = YES;
				CLANG_WARN_UNGUARDED_AVAILABILITY = YES_AGGRESSIVE;
				CLANG_WARN_UNREACHABLE_CODE = YES;
				CLANG_WARN__DUPLICATE_METHOD_MATCH = YES;
				COPY_PHASE_STRIP = NO;
				DEBUG_INFORMATION_FORMAT = "dwarf-with-dsym";
				DEVELOPMENT_TEAM = BKD7HH7ZDH;
				ENABLE_NS_ASSERTIONS = NO;
				ENABLE_STRICT_OBJC_MSGSEND = YES;
				ENABLE_USER_SCRIPT_SANDBOXING = YES;
				GCC_C_LANGUAGE_STANDARD = gnu17;
				GCC_NO_COMMON_BLOCKS = YES;
				GCC_WARN_64_TO_32_BIT_CONVERSION = YES;
				GCC_WARN_ABOUT_RETURN_TYPE = YES_ERROR;
				GCC_WARN_UNDECLARED_SELECTOR = YES;
				GCC_WARN_UNINITIALIZED_AUTOS = YES_AGGRESSIVE;
				GCC_WARN_UNUSED_FUNCTION = YES;
				GCC_WARN_UNUSED_VARIABLE = YES;
				IPHONEOS_DEPLOYMENT_TARGET = 17.0;
				LOCALIZATION_PREFERS_STRING_CATALOGS = YES;
				MTL_ENABLE_DEBUG_INFO = NO;
				MTL_FAST_MATH = YES;
				SDKROOT = iphoneos;
				SWIFT_COMPILATION_MODE = wholemodule;
				VALIDATE_PRODUCT = YES;
			};
			name = Release;
		};
		FE3537BE2E830152007B0F25 /* Debug */ = {
			isa = XCBuildConfiguration;
			buildSettings = {
				BUNDLE_LOADER = "$(TEST_HOST)";
				CODE_SIGN_STYLE = Automatic;
				CURRENT_PROJECT_VERSION = 1;
				DEVELOPMENT_TEAM = BKD7HH7ZDH;
				GENERATE_INFOPLIST_FILE = YES;
				IPHONEOS_DEPLOYMENT_TARGET = 17.0;
				MARKETING_VERSION = 1.0;
				PRODUCT_BUNDLE_IDENTIFIER = dante.DaisyDosTests;
				PRODUCT_NAME = "$(TARGET_NAME)";
				SWIFT_EMIT_LOC_STRINGS = NO;
				SWIFT_VERSION = 5.0;
				TARGETED_DEVICE_FAMILY = "1,2";
				TEST_HOST = "$(BUILT_PRODUCTS_DIR)/DaisyDos.app/$(BUNDLE_EXECUTABLE_FOLDER_PATH)/DaisyDos";
			};
			name = Debug;
		};
		FE3537BF2E830152007B0F25 /* Release */ = {
			isa = XCBuildConfiguration;
			buildSettings = {
				BUNDLE_LOADER = "$(TEST_HOST)";
				CODE_SIGN_STYLE = Automatic;
				CURRENT_PROJECT_VERSION = 1;
				DEVELOPMENT_TEAM = BKD7HH7ZDH;
				GENERATE_INFOPLIST_FILE = YES;
				IPHONEOS_DEPLOYMENT_TARGET = 17.0;
				MARKETING_VERSION = 1.0;
				PRODUCT_BUNDLE_IDENTIFIER = dante.DaisyDosTests;
				PRODUCT_NAME = "$(TARGET_NAME)";
				SWIFT_EMIT_LOC_STRINGS = NO;
				SWIFT_VERSION = 5.0;
				TARGETED_DEVICE_FAMILY = "1,2";
				TEST_HOST = "$(BUILT_PRODUCTS_DIR)/DaisyDos.app/$(BUNDLE_EXECUTABLE_FOLDER_PATH)/DaisyDos";
			};
			name = Release;
		};
		FE3537C12E830152007B0F25 /* Debug */ = {
			isa = XCBuildConfiguration;
			buildSettings = {
				CODE_SIGN_STYLE = Automatic;
				CURRENT_PROJECT_VERSION = 1;
				DEVELOPMENT_TEAM = BKD7HH7ZDH;
				GENERATE_INFOPLIST_FILE = YES;
				MARKETING_VERSION = 1.0;
				PRODUCT_BUNDLE_IDENTIFIER = dante.DaisyDosUITests;
				PRODUCT_NAME = "$(TARGET_NAME)";
				SWIFT_EMIT_LOC_STRINGS = NO;
				SWIFT_VERSION = 5.0;
				TARGETED_DEVICE_FAMILY = "1,2";
				TEST_TARGET_NAME = DaisyDos;
			};
			name = Debug;
		};
		FE3537C22E830152007B0F25 /* Release */ = {
			isa = XCBuildConfiguration;
			buildSettings = {
				CODE_SIGN_STYLE = Automatic;
				CURRENT_PROJECT_VERSION = 1;
				DEVELOPMENT_TEAM = BKD7HH7ZDH;
				GENERATE_INFOPLIST_FILE = YES;
				MARKETING_VERSION = 1.0;
				PRODUCT_BUNDLE_IDENTIFIER = dante.DaisyDosUITests;
				PRODUCT_NAME = "$(TARGET_NAME)";
				SWIFT_EMIT_LOC_STRINGS = NO;
				SWIFT_VERSION = 5.0;
				TARGETED_DEVICE_FAMILY = "1,2";
				TEST_TARGET_NAME = DaisyDos;
			};
			name = Release;
		};
/* End XCBuildConfiguration section */

/* Begin XCConfigurationList section */
		FE35378F2E830151007B0F25 /* Build configuration list for PBXProject "DaisyDos" */ = {
			isa = XCConfigurationList;
			buildConfigurations = (
				FE3537BB2E830152007B0F25 /* Debug */,
				FE3537BC2E830152007B0F25 /* Release */,
			);
			defaultConfigurationIsVisible = 0;
			defaultConfigurationName = Release;
		};
		FE3537B82E830152007B0F25 /* Build configuration list for PBXNativeTarget "DaisyDos" */ = {
			isa = XCConfigurationList;
			buildConfigurations = (
				FE3537B92E830152007B0F25 /* Debug */,
				FE3537BA2E830152007B0F25 /* Release */,
			);
			defaultConfigurationIsVisible = 0;
			defaultConfigurationName = Release;
		};
		FE3537BD2E830152007B0F25 /* Build configuration list for PBXNativeTarget "DaisyDosTests" */ = {
			isa = XCConfigurationList;
			buildConfigurations = (
				FE3537BE2E830152007B0F25 /* Debug */,
				FE3537BF2E830152007B0F25 /* Release */,
			);
			defaultConfigurationIsVisible = 0;
			defaultConfigurationName = Release;
		};
		FE3537C02E830152007B0F25 /* Build configuration list for PBXNativeTarget "DaisyDosUITests" */ = {
			isa = XCConfigurationList;
			buildConfigurations = (
				FE3537C12E830152007B0F25 /* Debug */,
				FE3537C22E830152007B0F25 /* Release */,
			);
			defaultConfigurationIsVisible = 0;
			defaultConfigurationName = Release;
		};
/* End XCConfigurationList section */
	};
	rootObject = FE35378C2E830151007B0F25 /* Project object */;
}
